// !$*UTF8*$!
{
	archiveVersion = 1;
	classes = {
	};
	objectVersion = 50;
	objects = {

/* Begin PBXBuildFile section */
		76E7399823C005B400B962DA /* AppDelegate.swift in Sources */ = {isa = PBXBuildFile; fileRef = 76E7399723C005B400B962DA /* AppDelegate.swift */; };
		76E7399A23C005B400B962DA /* SceneDelegate.swift in Sources */ = {isa = PBXBuildFile; fileRef = 76E7399923C005B400B962DA /* SceneDelegate.swift */; };
		76E7399C23C005B400B962DA /* ViewController.swift in Sources */ = {isa = PBXBuildFile; fileRef = 76E7399B23C005B400B962DA /* ViewController.swift */; };
		76E7399F23C005B400B962DA /* Main.storyboard in Resources */ = {isa = PBXBuildFile; fileRef = 76E7399D23C005B400B962DA /* Main.storyboard */; };
		76E739A123C005B700B962DA /* Assets.xcassets in Resources */ = {isa = PBXBuildFile; fileRef = 76E739A023C005B700B962DA /* Assets.xcassets */; };
		76E739A423C005B700B962DA /* LaunchScreen.storyboard in Resources */ = {isa = PBXBuildFile; fileRef = 76E739A223C005B700B962DA /* LaunchScreen.storyboard */; };
		76E739AF23C005B700B962DA /* tippyTests.swift in Sources */ = {isa = PBXBuildFile; fileRef = 76E739AE23C005B700B962DA /* tippyTests.swift */; };
		76E739BA23C005B800B962DA /* tippyUITests.swift in Sources */ = {isa = PBXBuildFile; fileRef = 76E739B923C005B800B962DA /* tippyUITests.swift */; };
/* End PBXBuildFile section */

/* Begin PBXContainerItemProxy section */
		76E739AB23C005B700B962DA /* PBXContainerItemProxy */ = {
			isa = PBXContainerItemProxy;
			containerPortal = 76E7398C23C005B400B962DA /* Project object */;
			proxyType = 1;
			remoteGlobalIDString = 76E7399323C005B400B962DA;
			remoteInfo = tippy;
		};
		76E739B623C005B800B962DA /* PBXContainerItemProxy */ = {
			isa = PBXContainerItemProxy;
			containerPortal = 76E7398C23C005B400B962DA /* Project object */;
			proxyType = 1;
			remoteGlobalIDString = 76E7399323C005B400B962DA;
			remoteInfo = tippy;
		};
/* End PBXContainerItemProxy section */

/* Begin PBXFileReference section */
		76E7399423C005B400B962DA /* tippy.app */ = {isa = PBXFileReference; explicitFileType = wrapper.application; includeInIndex = 0; path = tippy.app; sourceTree = BUILT_PRODUCTS_DIR; };
		76E7399723C005B400B962DA /* AppDelegate.swift */ = {isa = PBXFileReference; lastKnownFileType = sourcecode.swift; path = AppDelegate.swift; sourceTree = "<group>"; };
		76E7399923C005B400B962DA /* SceneDelegate.swift */ = {isa = PBXFileReference; lastKnownFileType = sourcecode.swift; path = SceneDelegate.swift; sourceTree = "<group>"; };
		76E7399B23C005B400B962DA /* ViewController.swift */ = {isa = PBXFileReference; lastKnownFileType = sourcecode.swift; path = ViewController.swift; sourceTree = "<group>"; };
		76E7399E23C005B400B962DA /* Base */ = {isa = PBXFileReference; lastKnownFileType = file.storyboard; name = Base; path = Base.lproj/Main.storyboard; sourceTree = "<group>"; };
		76E739A023C005B700B962DA /* Assets.xcassets */ = {isa = PBXFileReference; lastKnownFileType = folder.assetcatalog; path = Assets.xcassets; sourceTree = "<group>"; };
		76E739A323C005B700B962DA /* Base */ = {isa = PBXFileReference; lastKnownFileType = file.storyboard; name = Base; path = Base.lproj/LaunchScreen.storyboard; sourceTree = "<group>"; };
		76E739A523C005B700B962DA /* Info.plist */ = {isa = PBXFileReference; lastKnownFileType = text.plist.xml; path = Info.plist; sourceTree = "<group>"; };
		76E739AA23C005B700B962DA /* tippyTests.xctest */ = {isa = PBXFileReference; explicitFileType = wrapper.cfbundle; includeInIndex = 0; path = tippyTests.xctest; sourceTree = BUILT_PRODUCTS_DIR; };
		76E739AE23C005B700B962DA /* tippyTests.swift */ = {isa = PBXFileReference; lastKnownFileType = sourcecode.swift; path = tippyTests.swift; sourceTree = "<group>"; };
		76E739B023C005B700B962DA /* Info.plist */ = {isa = PBXFileReference; lastKnownFileType = text.plist.xml; path = Info.plist; sourceTree = "<group>"; };
		76E739B523C005B800B962DA /* tippyUITests.xctest */ = {isa = PBXFileReference; explicitFileType = wrapper.cfbundle; includeInIndex = 0; path = tippyUITests.xctest; sourceTree = BUILT_PRODUCTS_DIR; };
		76E739B923C005B800B962DA /* tippyUITests.swift */ = {isa = PBXFileReference; lastKnownFileType = sourcecode.swift; path = tippyUITests.swift; sourceTree = "<group>"; };
		76E739BB23C005B800B962DA /* Info.plist */ = {isa = PBXFileReference; lastKnownFileType = text.plist.xml; path = Info.plist; sourceTree = "<group>"; };
/* End PBXFileReference section */

/* Begin PBXFrameworksBuildPhase section */
		76E7399123C005B400B962DA /* Frameworks */ = {
			isa = PBXFrameworksBuildPhase;
			buildActionMask = 2147483647;
			files = (
			);
			runOnlyForDeploymentPostprocessing = 0;
		};
		76E739A723C005B700B962DA /* Frameworks */ = {
			isa = PBXFrameworksBuildPhase;
			buildActionMask = 2147483647;
			files = (
			);
			runOnlyForDeploymentPostprocessing = 0;
		};
		76E739B223C005B800B962DA /* Frameworks */ = {
			isa = PBXFrameworksBuildPhase;
			buildActionMask = 2147483647;
			files = (
			);
			runOnlyForDeploymentPostprocessing = 0;
		};
/* End PBXFrameworksBuildPhase section */

/* Begin PBXGroup section */
		76E7398B23C005B400B962DA = {
			isa = PBXGroup;
			children = (
				76E7399623C005B400B962DA /* tippy */,
				76E739AD23C005B700B962DA /* tippyTests */,
				76E739B823C005B800B962DA /* tippyUITests */,
				76E7399523C005B400B962DA /* Products */,
			);
			sourceTree = "<group>";
		};
		76E7399523C005B400B962DA /* Products */ = {
			isa = PBXGroup;
			children = (
				76E7399423C005B400B962DA /* tippy.app */,
				76E739AA23C005B700B962DA /* tippyTests.xctest */,
				76E739B523C005B800B962DA /* tippyUITests.xctest */,
			);
			name = Products;
			sourceTree = "<group>";
		};
		76E7399623C005B400B962DA /* tippy */ = {
			isa = PBXGroup;
			children = (
				76E7399723C005B400B962DA /* AppDelegate.swift */,
				76E7399923C005B400B962DA /* SceneDelegate.swift */,
				76E7399B23C005B400B962DA /* ViewController.swift */,
				76E7399D23C005B400B962DA /* Main.storyboard */,
				76E739A023C005B700B962DA /* Assets.xcassets */,
				76E739A223C005B700B962DA /* LaunchScreen.storyboard */,
				76E739A523C005B700B962DA /* Info.plist */,
			);
			path = tippy;
			sourceTree = "<group>";
		};
		76E739AD23C005B700B962DA /* tippyTests */ = {
			isa = PBXGroup;
			children = (
				76E739AE23C005B700B962DA /* tippyTests.swift */,
				76E739B023C005B700B962DA /* Info.plist */,
			);
			path = tippyTests;
			sourceTree = "<group>";
		};
		76E739B823C005B800B962DA /* tippyUITests */ = {
			isa = PBXGroup;
			children = (
				76E739B923C005B800B962DA /* tippyUITests.swift */,
				76E739BB23C005B800B962DA /* Info.plist */,
			);
			path = tippyUITests;
			sourceTree = "<group>";
		};
/* End PBXGroup section */

/* Begin PBXNativeTarget section */
		76E7399323C005B400B962DA /* tippy */ = {
			isa = PBXNativeTarget;
			buildConfigurationList = 76E739BE23C005B800B962DA /* Build configuration list for PBXNativeTarget "tippy" */;
			buildPhases = (
				76E7399023C005B400B962DA /* Sources */,
				76E7399123C005B400B962DA /* Frameworks */,
				76E7399223C005B400B962DA /* Resources */,
			);
			buildRules = (
			);
			dependencies = (
			);
			name = tippy;
			productName = tippy;
			productReference = 76E7399423C005B400B962DA /* tippy.app */;
			productType = "com.apple.product-type.application";
		};
		76E739A923C005B700B962DA /* tippyTests */ = {
			isa = PBXNativeTarget;
			buildConfigurationList = 76E739C123C005B800B962DA /* Build configuration list for PBXNativeTarget "tippyTests" */;
			buildPhases = (
				76E739A623C005B700B962DA /* Sources */,
				76E739A723C005B700B962DA /* Frameworks */,
				76E739A823C005B700B962DA /* Resources */,
			);
			buildRules = (
			);
			dependencies = (
				76E739AC23C005B700B962DA /* PBXTargetDependency */,
			);
			name = tippyTests;
			productName = tippyTests;
			productReference = 76E739AA23C005B700B962DA /* tippyTests.xctest */;
			productType = "com.apple.product-type.bundle.unit-test";
		};
		76E739B423C005B800B962DA /* tippyUITests */ = {
			isa = PBXNativeTarget;
			buildConfigurationList = 76E739C423C005B800B962DA /* Build configuration list for PBXNativeTarget "tippyUITests" */;
			buildPhases = (
				76E739B123C005B800B962DA /* Sources */,
				76E739B223C005B800B962DA /* Frameworks */,
				76E739B323C005B800B962DA /* Resources */,
			);
			buildRules = (
			);
			dependencies = (
				76E739B723C005B800B962DA /* PBXTargetDependency */,
			);
			name = tippyUITests;
			productName = tippyUITests;
			productReference = 76E739B523C005B800B962DA /* tippyUITests.xctest */;
			productType = "com.apple.product-type.bundle.ui-testing";
		};
/* End PBXNativeTarget section */

/* Begin PBXProject section */
		76E7398C23C005B400B962DA /* Project object */ = {
			isa = PBXProject;
			attributes = {
				LastSwiftUpdateCheck = 1130;
				LastUpgradeCheck = 1130;
				ORGANIZATIONNAME = "Lynette Nguyen";
				TargetAttributes = {
					76E7399323C005B400B962DA = {
						CreatedOnToolsVersion = 11.3;
					};
					76E739A923C005B700B962DA = {
						CreatedOnToolsVersion = 11.3;
						TestTargetID = 76E7399323C005B400B962DA;
					};
					76E739B423C005B800B962DA = {
						CreatedOnToolsVersion = 11.3;
						TestTargetID = 76E7399323C005B400B962DA;
					};
				};
			};
			buildConfigurationList = 76E7398F23C005B400B962DA /* Build configuration list for PBXProject "tippy" */;
			compatibilityVersion = "Xcode 9.3";
			developmentRegion = en;
			hasScannedForEncodings = 0;
			knownRegions = (
				en,
				Base,
			);
			mainGroup = 76E7398B23C005B400B962DA;
			productRefGroup = 76E7399523C005B400B962DA /* Products */;
			projectDirPath = "";
			projectRoot = "";
			targets = (
				76E7399323C005B400B962DA /* tippy */,
				76E739A923C005B700B962DA /* tippyTests */,
				76E739B423C005B800B962DA /* tippyUITests */,
			);
		};
/* End PBXProject section */

/* Begin PBXResourcesBuildPhase section */
		76E7399223C005B400B962DA /* Resources */ = {
			isa = PBXResourcesBuildPhase;
			buildActionMask = 2147483647;
			files = (
				76E739A423C005B700B962DA /* LaunchScreen.storyboard in Resources */,
				76E739A123C005B700B962DA /* Assets.xcassets in Resources */,
				76E7399F23C005B400B962DA /* Main.storyboard in Resources */,
			);
			runOnlyForDeploymentPostprocessing = 0;
		};
		76E739A823C005B700B962DA /* Resources */ = {
			isa = PBXResourcesBuildPhase;
			buildActionMask = 2147483647;
			files = (
			);
			runOnlyForDeploymentPostprocessing = 0;
		};
		76E739B323C005B800B962DA /* Resources */ = {
			isa = PBXResourcesBuildPhase;
			buildActionMask = 2147483647;
			files = (
			);
			runOnlyForDeploymentPostprocessing = 0;
		};
/* End PBXResourcesBuildPhase section */

/* Begin PBXSourcesBuildPhase section */
		76E7399023C005B400B962DA /* Sources */ = {
			isa = PBXSourcesBuildPhase;
			buildActionMask = 2147483647;
			files = (
				76E7399C23C005B400B962DA /* ViewController.swift in Sources */,
				76E7399823C005B400B962DA /* AppDelegate.swift in Sources */,
				76E7399A23C005B400B962DA /* SceneDelegate.swift in Sources */,
			);
			runOnlyForDeploymentPostprocessing = 0;
		};
		76E739A623C005B700B962DA /* Sources */ = {
			isa = PBXSourcesBuildPhase;
			buildActionMask = 2147483647;
			files = (
				76E739AF23C005B700B962DA /* tippyTests.swift in Sources */,
			);
			runOnlyForDeploymentPostprocessing = 0;
		};
		76E739B123C005B800B962DA /* Sources */ = {
			isa = PBXSourcesBuildPhase;
			buildActionMask = 2147483647;
			files = (
				76E739BA23C005B800B962DA /* tippyUITests.swift in Sources */,
			);
			runOnlyForDeploymentPostprocessing = 0;
		};
/* End PBXSourcesBuildPhase section */

/* Begin PBXTargetDependency section */
		76E739AC23C005B700B962DA /* PBXTargetDependency */ = {
			isa = PBXTargetDependency;
			target = 76E7399323C005B400B962DA /* tippy */;
			targetProxy = 76E739AB23C005B700B962DA /* PBXContainerItemProxy */;
		};
		76E739B723C005B800B962DA /* PBXTargetDependency */ = {
			isa = PBXTargetDependency;
			target = 76E7399323C005B400B962DA /* tippy */;
			targetProxy = 76E739B623C005B800B962DA /* PBXContainerItemProxy */;
		};
/* End PBXTargetDependency section */

/* Begin PBXVariantGroup section */
		76E7399D23C005B400B962DA /* Main.storyboard */ = {
			isa = PBXVariantGroup;
			children = (
				76E7399E23C005B400B962DA /* Base */,
			);
			name = Main.storyboard;
			sourceTree = "<group>";
		};
		76E739A223C005B700B962DA /* LaunchScreen.storyboard */ = {
			isa = PBXVariantGroup;
			children = (
				76E739A323C005B700B962DA /* Base */,
			);
			name = LaunchScreen.storyboard;
			sourceTree = "<group>";
		};
/* End PBXVariantGroup section */

/* Begin XCBuildConfiguration section */
		76E739BC23C005B800B962DA /* Debug */ = {
			isa = XCBuildConfiguration;
			buildSettings = {
				ALWAYS_SEARCH_USER_PATHS = NO;
				CLANG_ANALYZER_NONNULL = YES;
				CLANG_ANALYZER_NUMBER_OBJECT_CONVERSION = YES_AGGRESSIVE;
				CLANG_CXX_LANGUAGE_STANDARD = "gnu++14";
				CLANG_CXX_LIBRARY = "libc++";
				CLANG_ENABLE_MODULES = YES;
				CLANG_ENABLE_OBJC_ARC = YES;
				CLANG_ENABLE_OBJC_WEAK = YES;
				CLANG_WARN_BLOCK_CAPTURE_AUTORELEASING = YES;
				CLANG_WARN_BOOL_CONVERSION = YES;
				CLANG_WARN_COMMA = YES;
				CLANG_WARN_CONSTANT_CONVERSION = YES;
				CLANG_WARN_DEPRECATED_OBJC_IMPLEMENTATIONS = YES;
				CLANG_WARN_DIRECT_OBJC_ISA_USAGE = YES_ERROR;
				CLANG_WARN_DOCUMENTATION_COMMENTS = YES;
				CLANG_WARN_EMPTY_BODY = YES;
				CLANG_WARN_ENUM_CONVERSION = YES;
				CLANG_WARN_INFINITE_RECURSION = YES;
				CLANG_WARN_INT_CONVERSION = YES;
				CLANG_WARN_NON_LITERAL_NULL_CONVERSION = YES;
				CLANG_WARN_OBJC_IMPLICIT_RETAIN_SELF = YES;
				CLANG_WARN_OBJC_LITERAL_CONVERSION = YES;
				CLANG_WARN_OBJC_ROOT_CLASS = YES_ERROR;
				CLANG_WARN_RANGE_LOOP_ANALYSIS = YES;
				CLANG_WARN_STRICT_PROTOTYPES = YES;
				CLANG_WARN_SUSPICIOUS_MOVE = YES;
				CLANG_WARN_UNGUARDED_AVAILABILITY = YES_AGGRESSIVE;
				CLANG_WARN_UNREACHABLE_CODE = YES;
				CLANG_WARN__DUPLICATE_METHOD_MATCH = YES;
				COPY_PHASE_STRIP = NO;
				DEBUG_INFORMATION_FORMAT = dwarf;
				ENABLE_STRICT_OBJC_MSGSEND = YES;
				ENABLE_TESTABILITY = YES;
				GCC_C_LANGUAGE_STANDARD = gnu11;
				GCC_DYNAMIC_NO_PIC = NO;
				GCC_NO_COMMON_BLOCKS = YES;
				GCC_OPTIMIZATION_LEVEL = 0;
				GCC_PREPROCESSOR_DEFINITIONS = (
					"DEBUG=1",
					"$(inherited)",
				);
				GCC_WARN_64_TO_32_BIT_CONVERSION = YES;
				GCC_WARN_ABOUT_RETURN_TYPE = YES_ERROR;
				GCC_WARN_UNDECLARED_SELECTOR = YES;
				GCC_WARN_UNINITIALIZED_AUTOS = YES_AGGRESSIVE;
				GCC_WARN_UNUSED_FUNCTION = YES;
				GCC_WARN_UNUSED_VARIABLE = YES;
				IPHONEOS_DEPLOYMENT_TARGET = 13.2;
				MTL_ENABLE_DEBUG_INFO = INCLUDE_SOURCE;
				MTL_FAST_MATH = YES;
				ONLY_ACTIVE_ARCH = YES;
				SDKROOT = iphoneos;
				SWIFT_ACTIVE_COMPILATION_CONDITIONS = DEBUG;
				SWIFT_OPTIMIZATION_LEVEL = "-Onone";
			};
			name = Debug;
		};
		76E739BD23C005B800B962DA /* Release */ = {
			isa = XCBuildConfiguration;
			buildSettings = {
				ALWAYS_SEARCH_USER_PATHS = NO;
				CLANG_ANALYZER_NONNULL = YES;
				CLANG_ANALYZER_NUMBER_OBJECT_CONVERSION = YES_AGGRESSIVE;
				CLANG_CXX_LANGUAGE_STANDARD = "gnu++14";
				CLANG_CXX_LIBRARY = "libc++";
				CLANG_ENABLE_MODULES = YES;
				CLANG_ENABLE_OBJC_ARC = YES;
				CLANG_ENABLE_OBJC_WEAK = YES;
				CLANG_WARN_BLOCK_CAPTURE_AUTORELEASING = YES;
				CLANG_WARN_BOOL_CONVERSION = YES;
				CLANG_WARN_COMMA = YES;
				CLANG_WARN_CONSTANT_CONVERSION = YES;
				CLANG_WARN_DEPRECATED_OBJC_IMPLEMENTATIONS = YES;
				CLANG_WARN_DIRECT_OBJC_ISA_USAGE = YES_ERROR;
				CLANG_WARN_DOCUMENTATION_COMMENTS = YES;
				CLANG_WARN_EMPTY_BODY = YES;
				CLANG_WARN_ENUM_CONVERSION = YES;
				CLANG_WARN_INFINITE_RECURSION = YES;
				CLANG_WARN_INT_CONVERSION = YES;
				CLANG_WARN_NON_LITERAL_NULL_CONVERSION = YES;
				CLANG_WARN_OBJC_IMPLICIT_RETAIN_SELF = YES;
				CLANG_WARN_OBJC_LITERAL_CONVERSION = YES;
				CLANG_WARN_OBJC_ROOT_CLASS = YES_ERROR;
				CLANG_WARN_RANGE_LOOP_ANALYSIS = YES;
				CLANG_WARN_STRICT_PROTOTYPES = YES;
				CLANG_WARN_SUSPICIOUS_MOVE = YES;
				CLANG_WARN_UNGUARDED_AVAILABILITY = YES_AGGRESSIVE;
				CLANG_WARN_UNREACHABLE_CODE = YES;
				CLANG_WARN__DUPLICATE_METHOD_MATCH = YES;
				COPY_PHASE_STRIP = NO;
				DEBUG_INFORMATION_FORMAT = "dwarf-with-dsym";
				ENABLE_NS_ASSERTIONS = NO;
				ENABLE_STRICT_OBJC_MSGSEND = YES;
				GCC_C_LANGUAGE_STANDARD = gnu11;
				GCC_NO_COMMON_BLOCKS = YES;
				GCC_WARN_64_TO_32_BIT_CONVERSION = YES;
				GCC_WARN_ABOUT_RETURN_TYPE = YES_ERROR;
				GCC_WARN_UNDECLARED_SELECTOR = YES;
				GCC_WARN_UNINITIALIZED_AUTOS = YES_AGGRESSIVE;
				GCC_WARN_UNUSED_FUNCTION = YES;
				GCC_WARN_UNUSED_VARIABLE = YES;
				IPHONEOS_DEPLOYMENT_TARGET = 13.2;
				MTL_ENABLE_DEBUG_INFO = NO;
				MTL_FAST_MATH = YES;
				SDKROOT = iphoneos;
				SWIFT_COMPILATION_MODE = wholemodule;
				SWIFT_OPTIMIZATION_LEVEL = "-O";
				VALIDATE_PRODUCT = YES;
			};
			name = Release;
		};
		76E739BF23C005B800B962DA /* Debug */ = {
			isa = XCBuildConfiguration;
			buildSettings = {
				ASSETCATALOG_COMPILER_APPICON_NAME = AppIcon;
				CODE_SIGN_STYLE = Automatic;
				INFOPLIST_FILE = tippy/Info.plist;
				LD_RUNPATH_SEARCH_PATHS = (
					"$(inherited)",
					"@executable_path/Frameworks",
				);
				PRODUCT_BUNDLE_IDENTIFIER = CodePath.tippy;
				PRODUCT_NAME = "$(TARGET_NAME)";
				SWIFT_VERSION = 5.0;
				TARGETED_DEVICE_FAMILY = "1,2";
			};
			name = Debug;
		};
		76E739C023C005B800B962DA /* Release */ = {
			isa = XCBuildConfiguration;
			buildSettings = {
				ASSETCATALOG_COMPILER_APPICON_NAME = AppIcon;
				CODE_SIGN_STYLE = Automatic;
				INFOPLIST_FILE = tippy/Info.plist;
				LD_RUNPATH_SEARCH_PATHS = (
					"$(inherited)",
					"@executable_path/Frameworks",
				);
				PRODUCT_BUNDLE_IDENTIFIER = CodePath.tippy;
				PRODUCT_NAME = "$(TARGET_NAME)";
				SWIFT_VERSION = 5.0;
				TARGETED_DEVICE_FAMILY = "1,2";
			};
			name = Release;
		};
		76E739C223C005B800B962DA /* Debug */ = {
			isa = XCBuildConfiguration;
			buildSettings = {
				ALWAYS_EMBED_SWIFT_STANDARD_LIBRARIES = YES;
				BUNDLE_LOADER = "$(TEST_HOST)";
				CODE_SIGN_STYLE = Automatic;
				INFOPLIST_FILE = tippyTests/Info.plist;
				IPHONEOS_DEPLOYMENT_TARGET = 13.2;
				LD_RUNPATH_SEARCH_PATHS = (
					"$(inherited)",
					"@executable_path/Frameworks",
					"@loader_path/Frameworks",
				);
				PRODUCT_BUNDLE_IDENTIFIER = CodePath.tippyTests;
				PRODUCT_NAME = "$(TARGET_NAME)";
				SWIFT_VERSION = 5.0;
				TARGETED_DEVICE_FAMILY = "1,2";
				TEST_HOST = "$(BUILT_PRODUCTS_DIR)/tippy.app/tippy";
			};
			name = Debug;
		};
		76E739C323C005B800B962DA /* Release */ = {
			isa = XCBuildConfiguration;
			buildSettings = {
				ALWAYS_EMBED_SWIFT_STANDARD_LIBRARIES = YES;
				BUNDLE_LOADER = "$(TEST_HOST)";
				CODE_SIGN_STYLE = Automatic;
				INFOPLIST_FILE = tippyTests/Info.plist;
				IPHONEOS_DEPLOYMENT_TARGET = 13.2;
				LD_RUNPATH_SEARCH_PATHS = (
					"$(inherited)",
					"@executable_path/Frameworks",
					"@loader_path/Frameworks",
				);
				PRODUCT_BUNDLE_IDENTIFIER = CodePath.tippyTests;
				PRODUCT_NAME = "$(TARGET_NAME)";
				SWIFT_VERSION = 5.0;
				TARGETED_DEVICE_FAMILY = "1,2";
				TEST_HOST = "$(BUILT_PRODUCTS_DIR)/tippy.app/tippy";
			};
			name = Release;
		};
		76E739C523C005B800B962DA /* Debug */ = {
			isa = XCBuildConfiguration;
			buildSettings = {
				ALWAYS_EMBED_SWIFT_STANDARD_LIBRARIES = YES;
				CODE_SIGN_STYLE = Automatic;
				INFOPLIST_FILE = tippyUITests/Info.plist;
				LD_RUNPATH_SEARCH_PATHS = (
					"$(inherited)",
					"@executable_path/Frameworks",
					"@loader_path/Frameworks",
				);
				PRODUCT_BUNDLE_IDENTIFIER = CodePath.tippyUITests;
				PRODUCT_NAME = "$(TARGET_NAME)";
				SWIFT_VERSION = 5.0;
				TARGETED_DEVICE_FAMILY = "1,2";
				TEST_TARGET_NAME = tippy;
			};
			name = Debug;
		};
		76E739C623C005B800B962DA /* Release */ = {
			isa = XCBuildConfiguration;
			buildSettings = {
				ALWAYS_EMBED_SWIFT_STANDARD_LIBRARIES = YES;
				CODE_SIGN_STYLE = Automatic;
				INFOPLIST_FILE = tippyUITests/Info.plist;
				LD_RUNPATH_SEARCH_PATHS = (
					"$(inherited)",
					"@executable_path/Frameworks",
					"@loader_path/Frameworks",
				);
				PRODUCT_BUNDLE_IDENTIFIER = CodePath.tippyUITests;
				PRODUCT_NAME = "$(TARGET_NAME)";
				SWIFT_VERSION = 5.0;
				TARGETED_DEVICE_FAMILY = "1,2";
				TEST_TARGET_NAME = tippy;
			};
			name = Release;
		};
/* End XCBuildConfiguration section */

/* Begin XCConfigurationList section */
		76E7398F23C005B400B962DA /* Build configuration list for PBXProject "tippy" */ = {
			isa = XCConfigurationList;
			buildConfigurations = (
				76E739BC23C005B800B962DA /* Debug */,
				76E739BD23C005B800B962DA /* Release */,
			);
			defaultConfigurationIsVisible = 0;
			defaultConfigurationName = Release;
		};
		76E739BE23C005B800B962DA /* Build configuration list for PBXNativeTarget "tippy" */ = {
			isa = XCConfigurationList;
			buildConfigurations = (
				76E739BF23C005B800B962DA /* Debug */,
				76E739C023C005B800B962DA /* Release */,
			);
			defaultConfigurationIsVisible = 0;
			defaultConfigurationName = Release;
		};
		76E739C123C005B800B962DA /* Build configuration list for PBXNativeTarget "tippyTests" */ = {
			isa = XCConfigurationList;
			buildConfigurations = (
				76E739C223C005B800B962DA /* Debug */,
				76E739C323C005B800B962DA /* Release */,
			);
			defaultConfigurationIsVisible = 0;
			defaultConfigurationName = Release;
		};
		76E739C423C005B800B962DA /* Build configuration list for PBXNativeTarget "tippyUITests" */ = {
			isa = XCConfigurationList;
			buildConfigurations = (
				76E739C523C005B800B962DA /* Debug */,
				76E739C623C005B800B962DA /* Release */,
			);
			defaultConfigurationIsVisible = 0;
			defaultConfigurationName = Release;
		};
/* End XCConfigurationList section */
	};
	rootObject = 76E7398C23C005B400B962DA /* Project object */;
}
